{
  "name": "htmledito",
  "version": "1.0.1",
  "lockfileVersion": 1,
  "requires": true,
  "dependencies": {
    "caniuse-db": {
      "version": "1.0.30000871",
      "resolved": "https://registry.npmjs.org/caniuse-db/-/caniuse-db-1.0.30000871.tgz",
      "integrity": "sha1-8ZlcH+MYkmSadgWVeoDJJRhCPU0="
    },
    "emmet": {
      "version": "1.6.3",
      "resolved": "https://registry.npmjs.org/emmet/-/emmet-1.6.3.tgz",
      "integrity": "sha1-/hPXdO7jMv5L9sCsjLLWhhbqUME=",
      "requires": {
        "caniuse-db": "^1.0.30000161"
      }
    },
    "emmet-codemirror": {
      "version": "1.2.5",
      "resolved": "https://registry.npmjs.org/emmet-codemirror/-/emmet-codemirror-1.2.5.tgz",
      "integrity": "sha1-bFfuniJTe4oWmP9jagPLMBbffBY=",
      "requires": {
        "emmet": "^1.3.0"
      }
    },
    "jquery": {
      "version": "3.3.1",
      "resolved": "https://registry.npmjs.org/jquery/-/jquery-3.3.1.tgz",
      "integrity": "sha512-Ubldcmxp5np52/ENotGxlLe6aGMvmF4R8S6tZjsP6Knsaxd/xp3Zrh50cG93lR6nPXyUFwzN3ZSOQI0wRJNdGg=="
    },
    "jquery-ui": {
      "version": "1.12.1"
    },
    "jquery.splitter": {
      "version": "0.26.0",
      "resolved": "https://registry.npmjs.org/jquery.splitter/-/jquery.splitter-0.26.0.tgz",
      "integrity": "sha1-t0RATom2diYXjBCTLLhWXKezP5s="
    }
  }
}
