{
  "name": "lecture-page",
  "version": "1.0.0",
  "lockfileVersion": 1,
  "requires": true,
  "dependencies": {
    "bootstrap": {
      "version": "4.1.3",
      "resolved": "https://registry.npmjs.org/bootstrap/-/bootstrap-4.1.3.tgz",
      "integrity": "sha512-rDFIzgXcof0jDyjNosjv4Sno77X4KuPeFxG2XZZv1/Kc8DRVGVADdoQyyOVDwPqL36DDmtCQbrpMCqvpPLJQ0w=="
    },
    "jquery": {
      "version": "3.3.1",
      "resolved": "https://registry.npmjs.org/jquery/-/jquery-3.3.1.tgz",
      "integrity": "sha512-Ubldcmxp5np52/ENotGxlLe6aGMvmF4R8S6tZjsP6Knsaxd/xp3Zrh50cG93lR6nPXyUFwzN3ZSOQI0wRJNdGg=="
    },
    "jquery.splitter": {
      "version": "0.27.1",
      "resolved": "https://registry.npmjs.org/jquery.splitter/-/jquery.splitter-0.27.1.tgz",
      "integrity": "sha512-w2SxaOcWelAeGMVMCCCfr268itijvGIAPoPcYCEkTapsnwBMn95rF+XHKLK9XHZ/16kyaWIkHBH1ZBlCPYVfNw=="
    },
    "monaco-editor": {
      "version": "0.13.1",
      "resolved": "https://registry.npmjs.org/monaco-editor/-/monaco-editor-0.13.1.tgz",
      "integrity": "sha512-0Kssg/O3cl1tXP0qAIxhrtMbRnzusFUEvFyt5/fpUbmuVeY3z+TnUx13+3kW16pgacFPXGUTEO/hOPlDeFU/dw=="
    }
  }
}
